
Microsoft Visual Studio Solution File, Format Version 12.00
# Visual Studio Version 17
VisualStudioVersion = 17.1.32414.318
MinimumVisualStudioVersion = 10.0.40219.1
Project("{9A19103F-16F7-4668-BE54-9A1E7A4F7556}") = "EmployeeManagement.Domain", "src\EmployeeManagement.Domain\EmployeeManagement.Domain.csproj", "{DFACB84E-C435-4B51-8338-5356140BCCED}"
EndProject
Project("{9A19103F-16F7-4668-BE54-9A1E7A4F7556}") = "EmployeeManagement.Api", "src\EmployeeManagement.Api\EmployeeManagement.Api.csproj", "{DDFF8C39-8A19-4C33-B839-1B94A030B3AA}"
EndProject
Project("{9A19103F-16F7-4668-BE54-9A1E7A4F7556}") = "EmployeeManagemet.Infrastructure", "src\EmployeeManagemet.Infrastructure\EmployeeManagemet.Infrastructure.csproj", "{EF536E89-5A2D-4FF4-AAB1-7E4A96700B8C}"
EndProject
Project("{9A19103F-16F7-4668-BE54-9A1E7A4F7556}") = "EmployeeManagement.Domain.Unit.Tests", "src\EmployeeManagement.Domain.Unit.Tests\EmployeeManagement.Domain.Unit.Tests.csproj", "{0C719E0F-91C2-412E-921C-C8BB0C08FBD0}"
EndProject
Project("{2150E333-8FDC-42A3-9474-1A3956D46DE8}") = "Tests", "Tests", "{72F6D6EF-96CF-46F2-87B5-0047E4908366}"
EndProject
Global
	GlobalSection(SolutionConfigurationPlatforms) = preSolution
		Debug|Any CPU = Debug|Any CPU
		Release|Any CPU = Release|Any CPU
	EndGlobalSection
	GlobalSection(ProjectConfigurationPlatforms) = postSolution
		{DFACB84E-C435-4B51-8338-5356140BCCED}.Debug|Any CPU.ActiveCfg = Debug|Any CPU
		{DFACB84E-C435-4B51-8338-5356140BCCED}.Debug|Any CPU.Build.0 = Debug|Any CPU
		{DFACB84E-C435-4B51-8338-5356140BCCED}.Release|Any CPU.ActiveCfg = Release|Any CPU
		{DFACB84E-C435-4B51-8338-5356140BCCED}.Release|Any CPU.Build.0 = Release|Any CPU
		{DDFF8C39-8A19-4C33-B839-1B94A030B3AA}.Debug|Any CPU.ActiveCfg = Debug|Any CPU
		{DDFF8C39-8A19-4C33-B839-1B94A030B3AA}.Debug|Any CPU.Build.0 = Debug|Any CPU
		{DDFF8C39-8A19-4C33-B839-1B94A030B3AA}.Release|Any CPU.ActiveCfg = Release|Any CPU
		{DDFF8C39-8A19-4C33-B839-1B94A030B3AA}.Release|Any CPU.Build.0 = Release|Any CPU
		{EF536E89-5A2D-4FF4-AAB1-7E4A96700B8C}.Debug|Any CPU.ActiveCfg = Debug|Any CPU
		{EF536E89-5A2D-4FF4-AAB1-7E4A96700B8C}.Debug|Any CPU.Build.0 = Debug|Any CPU
		{EF536E89-5A2D-4FF4-AAB1-7E4A96700B8C}.Release|Any CPU.ActiveCfg = Release|Any CPU
		{EF536E89-5A2D-4FF4-AAB1-7E4A96700B8C}.Release|Any CPU.Build.0 = Release|Any CPU
		{0C719E0F-91C2-412E-921C-C8BB0C08FBD0}.Debug|Any CPU.ActiveCfg = Debug|Any CPU
		{0C719E0F-91C2-412E-921C-C8BB0C08FBD0}.Debug|Any CPU.Build.0 = Debug|Any CPU
		{0C719E0F-91C2-412E-921C-C8BB0C08FBD0}.Release|Any CPU.ActiveCfg = Release|Any CPU
		{0C719E0F-91C2-412E-921C-C8BB0C08FBD0}.Release|Any CPU.Build.0 = Release|Any CPU
	EndGlobalSection
	GlobalSection(SolutionProperties) = preSolution
		HideSolutionNode = FALSE
	EndGlobalSection
	GlobalSection(NestedProjects) = preSolution
		{0C719E0F-91C2-412E-921C-C8BB0C08FBD0} = {72F6D6EF-96CF-46F2-87B5-0047E4908366}
	EndGlobalSection
	GlobalSection(ExtensibilityGlobals) = postSolution
		SolutionGuid = {85CF1D08-3A93-42C1-B325-85A25C038EB1}
	EndGlobalSection
EndGlobal
